
Microsoft Visual Studio Solution File, Format Version 12.00
# Visual Studio Version 16
VisualStudioVersion = 16.0.30503.244
MinimumVisualStudioVersion = 10.0.40219.1
Project("{8BC9CEB8-8B4A-11D0-8D11-00A0C91BC942}") = "index.html", "index.html.vcxproj", "{4727669C-8619-460C-8AE8-F799A9D63D35}"
EndProject
Global
	GlobalSection(SolutionConfigurationPlatforms) = preSolution
		Debug|x64 = Debug|x64
		Debug|x86 = Debug|x86
		Release|x64 = Release|x64
		Release|x86 = Release|x86
	EndGlobalSection
	GlobalSection(ProjectConfigurationPlatforms) = postSolution
		{4727669C-8619-460C-8AE8-F799A9D63D35}.Debug|x64.ActiveCfg = Debug|x64
		{4727669C-8619-460C-8AE8-F799A9D63D35}.Debug|x64.Build.0 = Debug|x64
		{4727669C-8619-460C-8AE8-F799A9D63D35}.Debug|x86.ActiveCfg = Debug|Win32
		{4727669C-8619-460C-8AE8-F799A9D63D35}.Debug|x86.Build.0 = Debug|Win32
		{4727669C-8619-460C-8AE8-F799A9D63D35}.Release|x64.ActiveCfg = Release|x64
		{4727669C-8619-460C-8AE8-F799A9D63D35}.Release|x64.Build.0 = Release|x64
		{4727669C-8619-460C-8AE8-F799A9D63D35}.Release|x86.ActiveCfg = Release|Win32
		{4727669C-8619-460C-8AE8-F799A9D63D35}.Release|x86.Build.0 = Release|Win32
	EndGlobalSection
	GlobalSection(SolutionProperties) = preSolution
		HideSolutionNode = FALSE
	EndGlobalSection
	GlobalSection(ExtensibilityGlobals) = postSolution
		SolutionGuid = {447F1154-2A29-4B5A-B6C1-E101A63C97DC}
	EndGlobalSection
EndGlobal
